# This file is automatically @generated by Cargo.
# It is not intended for manual editing.
version = 3

[[package]]
name = "glam"
version = "0.24.1"
source = "registry+https://github.com/rust-lang/crates.io-index"
checksum = "42218cb640844e3872cc3c153dc975229e080a6c4733b34709ef445610550226"

[[package]]
name = "woxel"
version = "0.1.0"
dependencies = [
 "glam",
]
